{
  "name": "growthmate-minds",
  "version": "0.1.0",
  "lockfileVersion": 3,
  "requires": true,
  "packages": {
    "": {
      "name": "growthmate-minds",
      "version": "0.1.0",
      "dependencies": {
        "@animocabrands/minds-cli": "^0.1.3",
        "@animocabrands/minds-client-lib": "^0.1.3"
      }
    },
    "node_modules/@animocabrands/minds-cli": {
      "version": "0.1.3",
      "resolved": "https://registry.npmjs.org/@animocabrands/minds-cli/-/minds-cli-0.1.3.tgz",
      "integrity": "sha512-Kc8cN7KJZJz9u8G7GsaXj8cek/Sy/KBGk61VcBTytzsXmQ5Xdd2/ADc+hG2oX1U2l4ZfthzDwUBHiG59SJNz5A==",
      "license": "UNLICENSED",
      "dependencies": {
        "@animocabrands/minds-client-lib": "0.1.3",
        "commander": "^13.1.0"
      },
      "bin": {
        "minds": "dist/cli.js"
      },
      "engines": {
        "node": ">=22"
      }
    },
    "node_modules/@animocabrands/minds-client-lib": {
      "version": "0.1.3",
      "resolved": "https://registry.npmjs.org/@animocabrands/minds-client-lib/-/minds-client-lib-0.1.3.tgz",
      "integrity": "sha512-tPWdcg67C0/OKBhDsFkeU3RDHFzK+hrXKCk3hIMYcZQz+q08NfT/8GPj9UpDsA8ag675AaZjH5NIYNmYSyViqQ==",
      "license": "UNLICENSED",
      "engines": {
        "node": ">=22"
      }
    },
    "node_modules/commander": {
      "version": "13.1.0",
      "resolved": "https://registry.npmjs.org/commander/-/commander-13.1.0.tgz",
      "integrity": "sha512-/rFeCpNJQbhSZjGVwO9RFV3xPqbnERS8MmIQzCtD/zl6gpJuV/bMLuN92oG3F7d8oDEHHRrujSXNUr8fpjntKw==",
      "license": "MIT",
      "engines": {
        "node": ">=18"
      }
    }
  }
}
